
Microsoft Visual Studio Solution File, Format Version 12.00
# Visual Studio Version 17
VisualStudioVersion = 17.2.32616.157
MinimumVisualStudioVersion = 10.0.40219.1
Project("{FAE04EC0-301F-11D3-BF4B-00C04F79EFBC}") = "csharp-snacks-1", "csharp-snacks-1.csproj", "{DB816695-5A31-4AAF-9F6E-1EE7DACA0C07}"
EndProject
Global
	GlobalSection(SolutionConfigurationPlatforms) = preSolution
		Debug|Any CPU = Debug|Any CPU
		Release|Any CPU = Release|Any CPU
	EndGlobalSection
	GlobalSection(ProjectConfigurationPlatforms) = postSolution
		{DB816695-5A31-4AAF-9F6E-1EE7DACA0C07}.Debug|Any CPU.ActiveCfg = Debug|Any CPU
		{DB816695-5A31-4AAF-9F6E-1EE7DACA0C07}.Debug|Any CPU.Build.0 = Debug|Any CPU
		{DB816695-5A31-4AAF-9F6E-1EE7DACA0C07}.Release|Any CPU.ActiveCfg = Release|Any CPU
		{DB816695-5A31-4AAF-9F6E-1EE7DACA0C07}.Release|Any CPU.Build.0 = Release|Any CPU
	EndGlobalSection
	GlobalSection(SolutionProperties) = preSolution
		HideSolutionNode = FALSE
	EndGlobalSection
	GlobalSection(ExtensibilityGlobals) = postSolution
		SolutionGuid = {DC9E4205-C5B2-4878-AD02-6A7D598F1505}
	EndGlobalSection
EndGlobal
